
Microsoft Visual Studio Solution File, Format Version 12.00
# Visual Studio Version 17
VisualStudioVersion = 17.7.34031.279
MinimumVisualStudioVersion = 10.0.40219.1
Project("{FAE04EC0-301F-11D3-BF4B-00C04F79EFBC}") = "ПР№19", "ПР№19.csproj", "{EBB1B264-58C6-4E7E-B4FA-FF0D27B8EBA2}"
EndProject
Global
	GlobalSection(SolutionConfigurationPlatforms) = preSolution
		Debug|Any CPU = Debug|Any CPU
		Release|Any CPU = Release|Any CPU
	EndGlobalSection
	GlobalSection(ProjectConfigurationPlatforms) = postSolution
		{EBB1B264-58C6-4E7E-B4FA-FF0D27B8EBA2}.Debug|Any CPU.ActiveCfg = Debug|Any CPU
		{EBB1B264-58C6-4E7E-B4FA-FF0D27B8EBA2}.Debug|Any CPU.Build.0 = Debug|Any CPU
		{EBB1B264-58C6-4E7E-B4FA-FF0D27B8EBA2}.Release|Any CPU.ActiveCfg = Release|Any CPU
		{EBB1B264-58C6-4E7E-B4FA-FF0D27B8EBA2}.Release|Any CPU.Build.0 = Release|Any CPU
	EndGlobalSection
	GlobalSection(SolutionProperties) = preSolution
		HideSolutionNode = FALSE
	EndGlobalSection
	GlobalSection(ExtensibilityGlobals) = postSolution
		SolutionGuid = {18F27088-9437-4F76-8056-423E91D8236B}
	EndGlobalSection
EndGlobal
